
Microsoft Visual Studio Solution File, Format Version 12.00
# Visual Studio 15
Project("{FAE04EC0-301F-11D3-BF4B-00C04F79EFBC}") = "Assembly-CSharp-Editor", "Assembly-CSharp-Editor.csproj", "{60572E74-5664-DE3A-46BE-A2CC1AFEE71D}"
EndProject
Project("{FAE04EC0-301F-11D3-BF4B-00C04F79EFBC}") = "Assembly-CSharp", "Assembly-CSharp.csproj", "{A0461304-6AED-06E8-569B-1B7C938AB3EC}"
EndProject
Global
	GlobalSection(SolutionConfigurationPlatforms) = preSolution
		Debug|Any CPU = Debug|Any CPU
		Release|Any CPU = Release|Any CPU
	EndGlobalSection
	GlobalSection(ProjectConfigurationPlatforms) = postSolution
		{60572E74-5664-DE3A-46BE-A2CC1AFEE71D}.Debug|Any CPU.ActiveCfg = Debug|Any CPU
		{60572E74-5664-DE3A-46BE-A2CC1AFEE71D}.Debug|Any CPU.Build.0 = Debug|Any CPU
		{60572E74-5664-DE3A-46BE-A2CC1AFEE71D}.Release|Any CPU.ActiveCfg = Release|Any CPU
		{60572E74-5664-DE3A-46BE-A2CC1AFEE71D}.Release|Any CPU.Build.0 = Release|Any CPU
		{A0461304-6AED-06E8-569B-1B7C938AB3EC}.Debug|Any CPU.ActiveCfg = Debug|Any CPU
		{A0461304-6AED-06E8-569B-1B7C938AB3EC}.Debug|Any CPU.Build.0 = Debug|Any CPU
		{A0461304-6AED-06E8-569B-1B7C938AB3EC}.Release|Any CPU.ActiveCfg = Release|Any CPU
		{A0461304-6AED-06E8-569B-1B7C938AB3EC}.Release|Any CPU.Build.0 = Release|Any CPU
	EndGlobalSection
	GlobalSection(SolutionProperties) = preSolution
		HideSolutionNode = FALSE
	EndGlobalSection
EndGlobal
